Microsoft Visual Studio Solution File, Format Version 12.00
# Visual Studio Version 17
VisualStudioVersion = 17.13.35818.85
MinimumVisualStudioVersion = 10.0.40219.1
Project("{FAE04EC0-301F-11D3-BF4B-00C04F79EFBC}") = "QuanLyGiaiVoDichBongDaQuocGia", "QuanLyGiaiVoDichBongDaQuocGia\QuanLyGiaiVoDichBongDaQuocGia.csproj", "{5432D6C5-7431-4CE4-8A43-27512862FA44}"
EndProject
Project("{2150E333-8FDC-42A3-9474-1A3956D46DE8}") = "Solution Items", "Solution Items", "{8EC462FD-D22E-90A8-E5CE-7E832BA40C5D}"
	ProjectSection(SolutionItems) = preProject
		.gitignore = .gitignore
	EndProjectSection
EndProject
Global
	GlobalSection(SolutionConfigurationPlatforms) = preSolution
		Debug|Any CPU = Debug|Any CPU
		Release|Any CPU = Release|Any CPU
	EndGlobalSection
	GlobalSection(ProjectConfigurationPlatforms) = postSolution
		{5432D6C5-7431-4CE4-8A43-27512862FA44}.Debug|Any CPU.ActiveCfg = Debug|Any CPU
		{5432D6C5-7431-4CE4-8A43-27512862FA44}.Debug|Any CPU.Build.0 = Debug|Any CPU
		{5432D6C5-7431-4CE4-8A43-27512862FA44}.Release|Any CPU.ActiveCfg = Release|Any CPU
		{5432D6C5-7431-4CE4-8A43-27512862FA44}.Release|Any CPU.Build.0 = Release|Any CPU
	EndGlobalSection
	GlobalSection(SolutionProperties) = preSolution
		HideSolutionNode = FALSE
	EndGlobalSection
	GlobalSection(ExtensibilityGlobals) = postSolution
		SolutionGuid = {C5AFFB43-CAF2-4DA9-B1BB-940792636336}
	EndGlobalSection
EndGlobal
